
Microsoft Visual Studio Solution File, Format Version 12.00
# Visual Studio Version 16
VisualStudioVersion = 16.0.32106.194
MinimumVisualStudioVersion = 10.0.40219.1
Project("{FAE04EC0-301F-11D3-BF4B-00C04F79EFBC}") = "PR20", "PR20\PR20.csproj", "{058733B3-B4AC-4153-B19B-A985EE663829}"
EndProject
Global
	GlobalSection(SolutionConfigurationPlatforms) = preSolution
		Debug|Any CPU = Debug|Any CPU
		Release|Any CPU = Release|Any CPU
	EndGlobalSection
	GlobalSection(ProjectConfigurationPlatforms) = postSolution
		{058733B3-B4AC-4153-B19B-A985EE663829}.Debug|Any CPU.ActiveCfg = Debug|Any CPU
		{058733B3-B4AC-4153-B19B-A985EE663829}.Debug|Any CPU.Build.0 = Debug|Any CPU
		{058733B3-B4AC-4153-B19B-A985EE663829}.Release|Any CPU.ActiveCfg = Release|Any CPU
		{058733B3-B4AC-4153-B19B-A985EE663829}.Release|Any CPU.Build.0 = Release|Any CPU
	EndGlobalSection
	GlobalSection(SolutionProperties) = preSolution
		HideSolutionNode = FALSE
	EndGlobalSection
	GlobalSection(ExtensibilityGlobals) = postSolution
		SolutionGuid = {9C356692-6DBF-4633-9AEB-FDFA31FDE118}
	EndGlobalSection
EndGlobal
